
Microsoft Visual Studio Solution File, Format Version 12.00
# Visual Studio Version 17
VisualStudioVersion = 17.2.32526.322
MinimumVisualStudioVersion = 10.0.40219.1
Project("{9A19103F-16F7-4668-BE54-9A1E7A4F7556}") = "UNTDF.SocketServer", "UNTDF.Sockets\UNTDF.SocketServer.csproj", "{A643012A-050B-4505-81E2-498675F4223A}"
EndProject
Project("{9A19103F-16F7-4668-BE54-9A1E7A4F7556}") = "UNTDF.SocketClient", "UNTDF.SocketClient\UNTDF.SocketClient.csproj", "{C96F517D-9C29-4E03-8AE7-F2729BF7F4A3}"
EndProject
Project("{9A19103F-16F7-4668-BE54-9A1E7A4F7556}") = "UNTDF.SucursalClient", "UNTDF.SucursalClient\UNTDF.SucursalClient.csproj", "{FB1744E3-DF9F-4018-BB63-2CFD83B425AA}"
EndProject
Project("{9A19103F-16F7-4668-BE54-9A1E7A4F7556}") = "UNTDF.SurcursalServer", "UNTDF.SurcursalServer\UNTDF.SurcursalServer.csproj", "{A2469AD5-13C0-4204-A601-98FA26E1BC4B}"
EndProject
Project("{9A19103F-16F7-4668-BE54-9A1E7A4F7556}") = "UNTDF.SucursalDTO", "UNTDF.SucursalDTO\UNTDF.SucursalDTO.csproj", "{3CE16F7F-8199-4F46-B04F-EA317C6CA5D2}"
EndProject
Project("{9A19103F-16F7-4668-BE54-9A1E7A4F7556}") = "UNTDF.GRPC.Client", "UNTDF.GRPC.Client\UNTDF.GRPC.Client.csproj", "{673C953E-B6C8-49F2-A6EA-C2A353C0EE33}"
EndProject
Project("{9A19103F-16F7-4668-BE54-9A1E7A4F7556}") = "UNTDF.GRPC.Server", "UNTDF.GRPC.Server\UNTDF.GRPC.Server.csproj", "{CEE2B455-B0DF-4B0B-9FEC-C63C64999405}"
EndProject
Global
	GlobalSection(SolutionConfigurationPlatforms) = preSolution
		Debug|Any CPU = Debug|Any CPU
		Debug|x64 = Debug|x64
		Debug|x86 = Debug|x86
		Release|Any CPU = Release|Any CPU
		Release|x64 = Release|x64
		Release|x86 = Release|x86
	EndGlobalSection
	GlobalSection(ProjectConfigurationPlatforms) = postSolution
		{A643012A-050B-4505-81E2-498675F4223A}.Debug|Any CPU.ActiveCfg = Debug|Any CPU
		{A643012A-050B-4505-81E2-498675F4223A}.Debug|Any CPU.Build.0 = Debug|Any CPU
		{A643012A-050B-4505-81E2-498675F4223A}.Debug|x64.ActiveCfg = Debug|Any CPU
		{A643012A-050B-4505-81E2-498675F4223A}.Debug|x64.Build.0 = Debug|Any CPU
		{A643012A-050B-4505-81E2-498675F4223A}.Debug|x86.ActiveCfg = Debug|Any CPU
		{A643012A-050B-4505-81E2-498675F4223A}.Debug|x86.Build.0 = Debug|Any CPU
		{A643012A-050B-4505-81E2-498675F4223A}.Release|Any CPU.ActiveCfg = Release|Any CPU
		{A643012A-050B-4505-81E2-498675F4223A}.Release|Any CPU.Build.0 = Release|Any CPU
		{A643012A-050B-4505-81E2-498675F4223A}.Release|x64.ActiveCfg = Release|Any CPU
		{A643012A-050B-4505-81E2-498675F4223A}.Release|x64.Build.0 = Release|Any CPU
		{A643012A-050B-4505-81E2-498675F4223A}.Release|x86.ActiveCfg = Release|Any CPU
		{A643012A-050B-4505-81E2-498675F4223A}.Release|x86.Build.0 = Release|Any CPU
		{C96F517D-9C29-4E03-8AE7-F2729BF7F4A3}.Debug|Any CPU.ActiveCfg = Debug|Any CPU
		{C96F517D-9C29-4E03-8AE7-F2729BF7F4A3}.Debug|Any CPU.Build.0 = Debug|Any CPU
		{C96F517D-9C29-4E03-8AE7-F2729BF7F4A3}.Debug|x64.ActiveCfg = Debug|Any CPU
		{C96F517D-9C29-4E03-8AE7-F2729BF7F4A3}.Debug|x64.Build.0 = Debug|Any CPU
		{C96F517D-9C29-4E03-8AE7-F2729BF7F4A3}.Debug|x86.ActiveCfg = Debug|Any CPU
		{C96F517D-9C29-4E03-8AE7-F2729BF7F4A3}.Debug|x86.Build.0 = Debug|Any CPU
		{C96F517D-9C29-4E03-8AE7-F2729BF7F4A3}.Release|Any CPU.ActiveCfg = Release|Any CPU
		{C96F517D-9C29-4E03-8AE7-F2729BF7F4A3}.Release|Any CPU.Build.0 = Release|Any CPU
		{C96F517D-9C29-4E03-8AE7-F2729BF7F4A3}.Release|x64.ActiveCfg = Release|Any CPU
		{C96F517D-9C29-4E03-8AE7-F2729BF7F4A3}.Release|x64.Build.0 = Release|Any CPU
		{C96F517D-9C29-4E03-8AE7-F2729BF7F4A3}.Release|x86.ActiveCfg = Release|Any CPU
		{C96F517D-9C29-4E03-8AE7-F2729BF7F4A3}.Release|x86.Build.0 = Release|Any CPU
		{FB1744E3-DF9F-4018-BB63-2CFD83B425AA}.Debug|Any CPU.ActiveCfg = Debug|Any CPU
		{FB1744E3-DF9F-4018-BB63-2CFD83B425AA}.Debug|Any CPU.Build.0 = Debug|Any CPU
		{FB1744E3-DF9F-4018-BB63-2CFD83B425AA}.Debug|x64.ActiveCfg = Debug|Any CPU
		{FB1744E3-DF9F-4018-BB63-2CFD83B425AA}.Debug|x64.Build.0 = Debug|Any CPU
		{FB1744E3-DF9F-4018-BB63-2CFD83B425AA}.Debug|x86.ActiveCfg = Debug|Any CPU
		{FB1744E3-DF9F-4018-BB63-2CFD83B425AA}.Debug|x86.Build.0 = Debug|Any CPU
		{FB1744E3-DF9F-4018-BB63-2CFD83B425AA}.Release|Any CPU.ActiveCfg = Release|Any CPU
		{FB1744E3-DF9F-4018-BB63-2CFD83B425AA}.Release|Any CPU.Build.0 = Release|Any CPU
		{FB1744E3-DF9F-4018-BB63-2CFD83B425AA}.Release|x64.ActiveCfg = Release|Any CPU
		{FB1744E3-DF9F-4018-BB63-2CFD83B425AA}.Release|x64.Build.0 = Release|Any CPU
		{FB1744E3-DF9F-4018-BB63-2CFD83B425AA}.Release|x86.ActiveCfg = Release|Any CPU
		{FB1744E3-DF9F-4018-BB63-2CFD83B425AA}.Release|x86.Build.0 = Release|Any CPU
		{A2469AD5-13C0-4204-A601-98FA26E1BC4B}.Debug|Any CPU.ActiveCfg = Debug|Any CPU
		{A2469AD5-13C0-4204-A601-98FA26E1BC4B}.Debug|Any CPU.Build.0 = Debug|Any CPU
		{A2469AD5-13C0-4204-A601-98FA26E1BC4B}.Debug|x64.ActiveCfg = Debug|Any CPU
		{A2469AD5-13C0-4204-A601-98FA26E1BC4B}.Debug|x64.Build.0 = Debug|Any CPU
		{A2469AD5-13C0-4204-A601-98FA26E1BC4B}.Debug|x86.ActiveCfg = Debug|Any CPU
		{A2469AD5-13C0-4204-A601-98FA26E1BC4B}.Debug|x86.Build.0 = Debug|Any CPU
		{A2469AD5-13C0-4204-A601-98FA26E1BC4B}.Release|Any CPU.ActiveCfg = Release|Any CPU
		{A2469AD5-13C0-4204-A601-98FA26E1BC4B}.Release|Any CPU.Build.0 = Release|Any CPU
		{A2469AD5-13C0-4204-A601-98FA26E1BC4B}.Release|x64.ActiveCfg = Release|Any CPU
		{A2469AD5-13C0-4204-A601-98FA26E1BC4B}.Release|x64.Build.0 = Release|Any CPU
		{A2469AD5-13C0-4204-A601-98FA26E1BC4B}.Release|x86.ActiveCfg = Release|Any CPU
		{A2469AD5-13C0-4204-A601-98FA26E1BC4B}.Release|x86.Build.0 = Release|Any CPU
		{3CE16F7F-8199-4F46-B04F-EA317C6CA5D2}.Debug|Any CPU.ActiveCfg = Debug|Any CPU
		{3CE16F7F-8199-4F46-B04F-EA317C6CA5D2}.Debug|Any CPU.Build.0 = Debug|Any CPU
		{3CE16F7F-8199-4F46-B04F-EA317C6CA5D2}.Debug|x64.ActiveCfg = Debug|Any CPU
		{3CE16F7F-8199-4F46-B04F-EA317C6CA5D2}.Debug|x64.Build.0 = Debug|Any CPU
		{3CE16F7F-8199-4F46-B04F-EA317C6CA5D2}.Debug|x86.ActiveCfg = Debug|Any CPU
		{3CE16F7F-8199-4F46-B04F-EA317C6CA5D2}.Debug|x86.Build.0 = Debug|Any CPU
		{3CE16F7F-8199-4F46-B04F-EA317C6CA5D2}.Release|Any CPU.ActiveCfg = Release|Any CPU
		{3CE16F7F-8199-4F46-B04F-EA317C6CA5D2}.Release|Any CPU.Build.0 = Release|Any CPU
		{3CE16F7F-8199-4F46-B04F-EA317C6CA5D2}.Release|x64.ActiveCfg = Release|Any CPU
		{3CE16F7F-8199-4F46-B04F-EA317C6CA5D2}.Release|x64.Build.0 = Release|Any CPU
		{3CE16F7F-8199-4F46-B04F-EA317C6CA5D2}.Release|x86.ActiveCfg = Release|Any CPU
		{3CE16F7F-8199-4F46-B04F-EA317C6CA5D2}.Release|x86.Build.0 = Release|Any CPU
		{673C953E-B6C8-49F2-A6EA-C2A353C0EE33}.Debug|Any CPU.ActiveCfg = Debug|Any CPU
		{673C953E-B6C8-49F2-A6EA-C2A353C0EE33}.Debug|Any CPU.Build.0 = Debug|Any CPU
		{673C953E-B6C8-49F2-A6EA-C2A353C0EE33}.Debug|x64.ActiveCfg = Debug|Any CPU
		{673C953E-B6C8-49F2-A6EA-C2A353C0EE33}.Debug|x64.Build.0 = Debug|Any CPU
		{673C953E-B6C8-49F2-A6EA-C2A353C0EE33}.Debug|x86.ActiveCfg = Debug|Any CPU
		{673C953E-B6C8-49F2-A6EA-C2A353C0EE33}.Debug|x86.Build.0 = Debug|Any CPU
		{673C953E-B6C8-49F2-A6EA-C2A353C0EE33}.Release|Any CPU.ActiveCfg = Release|Any CPU
		{673C953E-B6C8-49F2-A6EA-C2A353C0EE33}.Release|Any CPU.Build.0 = Release|Any CPU
		{673C953E-B6C8-49F2-A6EA-C2A353C0EE33}.Release|x64.ActiveCfg = Release|Any CPU
		{673C953E-B6C8-49F2-A6EA-C2A353C0EE33}.Release|x64.Build.0 = Release|Any CPU
		{673C953E-B6C8-49F2-A6EA-C2A353C0EE33}.Release|x86.ActiveCfg = Release|Any CPU
		{673C953E-B6C8-49F2-A6EA-C2A353C0EE33}.Release|x86.Build.0 = Release|Any CPU
		{CEE2B455-B0DF-4B0B-9FEC-C63C64999405}.Debug|Any CPU.ActiveCfg = Debug|Any CPU
		{CEE2B455-B0DF-4B0B-9FEC-C63C64999405}.Debug|Any CPU.Build.0 = Debug|Any CPU
		{CEE2B455-B0DF-4B0B-9FEC-C63C64999405}.Debug|x64.ActiveCfg = Debug|Any CPU
		{CEE2B455-B0DF-4B0B-9FEC-C63C64999405}.Debug|x64.Build.0 = Debug|Any CPU
		{CEE2B455-B0DF-4B0B-9FEC-C63C64999405}.Debug|x86.ActiveCfg = Debug|Any CPU
		{CEE2B455-B0DF-4B0B-9FEC-C63C64999405}.Debug|x86.Build.0 = Debug|Any CPU
		{CEE2B455-B0DF-4B0B-9FEC-C63C64999405}.Release|Any CPU.ActiveCfg = Release|Any CPU
		{CEE2B455-B0DF-4B0B-9FEC-C63C64999405}.Release|Any CPU.Build.0 = Release|Any CPU
		{CEE2B455-B0DF-4B0B-9FEC-C63C64999405}.Release|x64.ActiveCfg = Release|Any CPU
		{CEE2B455-B0DF-4B0B-9FEC-C63C64999405}.Release|x64.Build.0 = Release|Any CPU
		{CEE2B455-B0DF-4B0B-9FEC-C63C64999405}.Release|x86.ActiveCfg = Release|Any CPU
		{CEE2B455-B0DF-4B0B-9FEC-C63C64999405}.Release|x86.Build.0 = Release|Any CPU
	EndGlobalSection
	GlobalSection(SolutionProperties) = preSolution
		HideSolutionNode = FALSE
	EndGlobalSection
	GlobalSection(ExtensibilityGlobals) = postSolution
		SolutionGuid = {8335C7AD-CB4C-4CBE-8DBF-779299ACFAB2}
	EndGlobalSection
EndGlobal
